
Microsoft Visual Studio Solution File, Format Version 12.00
# Visual Studio Version 16
VisualStudioVersion = 16.0.28803.352
MinimumVisualStudioVersion = 10.0.40219.1
Project("{9A19103F-16F7-4668-BE54-9A1E7A4F7556}") = "GitAutomation.DomainModels", "GitAutomation.DomainModels\GitAutomation.DomainModels.csproj", "{924E6877-2403-4FA5-848F-2F1948F3CB28}"
EndProject
Project("{9A19103F-16F7-4668-BE54-9A1E7A4F7556}") = "GitAutomation.DomainModels.Test", "GitAutomation.DomainModels.Test\GitAutomation.DomainModels.Test.csproj", "{0554BC75-8395-4E3B-8922-44F12DB491FA}"
EndProject
Project("{9A19103F-16F7-4668-BE54-9A1E7A4F7556}") = "GitAutomation.Web", "GitAutomation.Web\GitAutomation.Web.csproj", "{0781AF62-5D1F-4BA1-AA7B-BB1E2058CC99}"
EndProject
Project("{9A19103F-16F7-4668-BE54-9A1E7A4F7556}") = "GitAutomation.Web.Test", "GitAutomation.Web.Test\GitAutomation.Web.Test.csproj", "{A1D96FFD-2867-42BA-BE61-24D021DF69C4}"
EndProject
Project("{FAE04EC0-301F-11D3-BF4B-00C04F79EFBC}") = "GitAutomation.ScriptingApi", "GitAutomation.ScriptingApi\GitAutomation.ScriptingApi.csproj", "{AB08E003-9D75-4119-9AD3-E893EEFD0155}"
EndProject
Global
	GlobalSection(SolutionConfigurationPlatforms) = preSolution
		Debug|Any CPU = Debug|Any CPU
		Release|Any CPU = Release|Any CPU
	EndGlobalSection
	GlobalSection(ProjectConfigurationPlatforms) = postSolution
		{924E6877-2403-4FA5-848F-2F1948F3CB28}.Debug|Any CPU.ActiveCfg = Debug|Any CPU
		{924E6877-2403-4FA5-848F-2F1948F3CB28}.Debug|Any CPU.Build.0 = Debug|Any CPU
		{924E6877-2403-4FA5-848F-2F1948F3CB28}.Release|Any CPU.ActiveCfg = Release|Any CPU
		{924E6877-2403-4FA5-848F-2F1948F3CB28}.Release|Any CPU.Build.0 = Release|Any CPU
		{0554BC75-8395-4E3B-8922-44F12DB491FA}.Debug|Any CPU.ActiveCfg = Debug|Any CPU
		{0554BC75-8395-4E3B-8922-44F12DB491FA}.Debug|Any CPU.Build.0 = Debug|Any CPU
		{0554BC75-8395-4E3B-8922-44F12DB491FA}.Release|Any CPU.ActiveCfg = Release|Any CPU
		{0554BC75-8395-4E3B-8922-44F12DB491FA}.Release|Any CPU.Build.0 = Release|Any CPU
		{0781AF62-5D1F-4BA1-AA7B-BB1E2058CC99}.Debug|Any CPU.ActiveCfg = Debug|Any CPU
		{0781AF62-5D1F-4BA1-AA7B-BB1E2058CC99}.Debug|Any CPU.Build.0 = Debug|Any CPU
		{0781AF62-5D1F-4BA1-AA7B-BB1E2058CC99}.Release|Any CPU.ActiveCfg = Release|Any CPU
		{0781AF62-5D1F-4BA1-AA7B-BB1E2058CC99}.Release|Any CPU.Build.0 = Release|Any CPU
		{A1D96FFD-2867-42BA-BE61-24D021DF69C4}.Debug|Any CPU.ActiveCfg = Debug|Any CPU
		{A1D96FFD-2867-42BA-BE61-24D021DF69C4}.Debug|Any CPU.Build.0 = Debug|Any CPU
		{A1D96FFD-2867-42BA-BE61-24D021DF69C4}.Release|Any CPU.ActiveCfg = Release|Any CPU
		{A1D96FFD-2867-42BA-BE61-24D021DF69C4}.Release|Any CPU.Build.0 = Release|Any CPU
		{AB08E003-9D75-4119-9AD3-E893EEFD0155}.Debug|Any CPU.ActiveCfg = Debug|Any CPU
		{AB08E003-9D75-4119-9AD3-E893EEFD0155}.Debug|Any CPU.Build.0 = Debug|Any CPU
		{AB08E003-9D75-4119-9AD3-E893EEFD0155}.Release|Any CPU.ActiveCfg = Release|Any CPU
		{AB08E003-9D75-4119-9AD3-E893EEFD0155}.Release|Any CPU.Build.0 = Release|Any CPU
	EndGlobalSection
	GlobalSection(SolutionProperties) = preSolution
		HideSolutionNode = FALSE
	EndGlobalSection
	GlobalSection(ExtensibilityGlobals) = postSolution
		SolutionGuid = {9AFCF9A5-D408-4A5B-B3A2-31ACA3849B56}
	EndGlobalSection
EndGlobal
